// !$*UTF8*$!
{
	archiveVersion = 1;
	classes = {
	};
	objectVersion = 77;
	objects = {

/* Begin PBXContainerItemProxy section */
		42EC57072E4D13EB007B0BF2 /* PBXContainerItemProxy */ = {
			isa = PBXContainerItemProxy;
			containerPortal = 42EC56F12E4D13EA007B0BF2 /* Project object */;
			proxyType = 1;
			remoteGlobalIDString = 42EC56F82E4D13EA007B0BF2;
			remoteInfo = FrameExtractionTool;
		};
		42EC57112E4D13EB007B0BF2 /* PBXContainerItemProxy */ = {
			isa = PBXContainerItemProxy;
			containerPortal = 42EC56F12E4D13EA007B0BF2 /* Project object */;
			proxyType = 1;
			remoteGlobalIDString = 42EC56F82E4D13EA007B0BF2;
			remoteInfo = FrameExtractionTool;
		};
/* End PBXContainerItemProxy section */

/* Begin PBXFileReference section */
		42EC56F92E4D13EA007B0BF2 /* FrameExtractionTool.app */ = {isa = PBXFileReference; explicitFileType = wrapper.application; includeInIndex = 0; path = FrameExtractionTool.app; sourceTree = BUILT_PRODUCTS_DIR; };
		42EC57062E4D13EB007B0BF2 /* FrameExtractionToolTests.xctest */ = {isa = PBXFileReference; explicitFileType = wrapper.cfbundle; includeInIndex = 0; path = FrameExtractionToolTests.xctest; sourceTree = BUILT_PRODUCTS_DIR; };
		42EC57102E4D13EB007B0BF2 /* FrameExtractionToolUITests.xctest */ = {isa = PBXFileReference; explicitFileType = wrapper.cfbundle; includeInIndex = 0; path = FrameExtractionToolUITests.xctest; sourceTree = BUILT_PRODUCTS_DIR; };
/* End PBXFileReference section */

/* Begin PBXFileSystemSynchronizedRootGroup section */
		42EC56FB2E4D13EA007B0BF2 /* FrameExtractionTool */ = {
			isa = PBXFileSystemSynchronizedRootGroup;
			path = FrameExtractionTool;
			sourceTree = "<group>";
		};
		42EC57092E4D13EB007B0BF2 /* FrameExtractionToolTests */ = {
			isa = PBXFileSystemSynchronizedRootGroup;
			path = FrameExtractionToolTests;
			sourceTree = "<group>";
		};
		42EC57132E4D13EB007B0BF2 /* FrameExtractionToolUITests */ = {
			isa = PBXFileSystemSynchronizedRootGroup;
			path = FrameExtractionToolUITests;
			sourceTree = "<group>";
		};
/* End PBXFileSystemSynchronizedRootGroup section */

/* Begin PBXFrameworksBuildPhase section */
		42EC56F62E4D13EA007B0BF2 /* Frameworks */ = {
			isa = PBXFrameworksBuildPhase;
			buildActionMask = 2147483647;
			files = (
			);
			runOnlyForDeploymentPostprocessing = 0;
		};
		42EC57032E4D13EB007B0BF2 /* Frameworks */ = {
			isa = PBXFrameworksBuildPhase;
			buildActionMask = 2147483647;
			files = (
			);
			runOnlyForDeploymentPostprocessing = 0;
		};
		42EC570D2E4D13EB007B0BF2 /* Frameworks */ = {
			isa = PBXFrameworksBuildPhase;
			buildActionMask = 2147483647;
			files = (
			);
			runOnlyForDeploymentPostprocessing = 0;
		};
/* End PBXFrameworksBuildPhase section */

/* Begin PBXGroup section */
		42EC56F02E4D13EA007B0BF2 = {
			isa = PBXGroup;
			children = (
				42EC56FB2E4D13EA007B0BF2 /* FrameExtractionTool */,
				42EC57092E4D13EB007B0BF2 /* FrameExtractionToolTests */,
				42EC57132E4D13EB007B0BF2 /* FrameExtractionToolUITests */,
				42EC56FA2E4D13EA007B0BF2 /* Products */,
			);
			sourceTree = "<group>";
		};
		42EC56FA2E4D13EA007B0BF2 /* Products */ = {
			isa = PBXGroup;
			children = (
				42EC56F92E4D13EA007B0BF2 /* FrameExtractionTool.app */,
				42EC57062E4D13EB007B0BF2 /* FrameExtractionToolTests.xctest */,
				42EC57102E4D13EB007B0BF2 /* FrameExtractionToolUITests.xctest */,
			);
			name = Products;
			sourceTree = "<group>";
		};
/* End PBXGroup section */

/* Begin PBXNativeTarget section */
		42EC56F82E4D13EA007B0BF2 /* FrameExtractionTool */ = {
			isa = PBXNativeTarget;
			buildConfigurationList = 42EC571A2E4D13EB007B0BF2 /* Build configuration list for PBXNativeTarget "FrameExtractionTool" */;
			buildPhases = (
				42EC56F52E4D13EA007B0BF2 /* Sources */,
				42EC56F62E4D13EA007B0BF2 /* Frameworks */,
				42EC56F72E4D13EA007B0BF2 /* Resources */,
			);
			buildRules = (
			);
			dependencies = (
			);
			fileSystemSynchronizedGroups = (
				42EC56FB2E4D13EA007B0BF2 /* FrameExtractionTool */,
			);
			name = FrameExtractionTool;
			packageProductDependencies = (
			);
			productName = FrameExtractionTool;
			productReference = 42EC56F92E4D13EA007B0BF2 /* FrameExtractionTool.app */;
			productType = "com.apple.product-type.application";
		};
		42EC57052E4D13EB007B0BF2 /* FrameExtractionToolTests */ = {
			isa = PBXNativeTarget;
			buildConfigurationList = 42EC571D2E4D13EB007B0BF2 /* Build configuration list for PBXNativeTarget "FrameExtractionToolTests" */;
			buildPhases = (
				42EC57022E4D13EB007B0BF2 /* Sources */,
				42EC57032E4D13EB007B0BF2 /* Frameworks */,
				42EC57042E4D13EB007B0BF2 /* Resources */,
			);
			buildRules = (
			);
			dependencies = (
				42EC57082E4D13EB007B0BF2 /* PBXTargetDependency */,
			);
			fileSystemSynchronizedGroups = (
				42EC57092E4D13EB007B0BF2 /* FrameExtractionToolTests */,
			);
			name = FrameExtractionToolTests;
			packageProductDependencies = (
			);
			productName = FrameExtractionToolTests;
			productReference = 42EC57062E4D13EB007B0BF2 /* FrameExtractionToolTests.xctest */;
			productType = "com.apple.product-type.bundle.unit-test";
		};
		42EC570F2E4D13EB007B0BF2 /* FrameExtractionToolUITests */ = {
			isa = PBXNativeTarget;
			buildConfigurationList = 42EC57202E4D13EB007B0BF2 /* Build configuration list for PBXNativeTarget "FrameExtractionToolUITests" */;
			buildPhases = (
				42EC570C2E4D13EB007B0BF2 /* Sources */,
				42EC570D2E4D13EB007B0BF2 /* Frameworks */,
				42EC570E2E4D13EB007B0BF2 /* Resources */,
			);
			buildRules = (
			);
			dependencies = (
				42EC57122E4D13EB007B0BF2 /* PBXTargetDependency */,
			);
			fileSystemSynchronizedGroups = (
				42EC57132E4D13EB007B0BF2 /* FrameExtractionToolUITests */,
			);
			name = FrameExtractionToolUITests;
			packageProductDependencies = (
			);
			productName = FrameExtractionToolUITests;
			productReference = 42EC57102E4D13EB007B0BF2 /* FrameExtractionToolUITests.xctest */;
			productType = "com.apple.product-type.bundle.ui-testing";
		};
/* End PBXNativeTarget section */

/* Begin PBXProject section */
		42EC56F12E4D13EA007B0BF2 /* Project object */ = {
			isa = PBXProject;
			attributes = {
				BuildIndependentTargetsInParallel = 1;
				LastSwiftUpdateCheck = 2600;
				LastUpgradeCheck = 2600;
				TargetAttributes = {
					42EC56F82E4D13EA007B0BF2 = {
						CreatedOnToolsVersion = 26.0;
					};
					42EC57052E4D13EB007B0BF2 = {
						CreatedOnToolsVersion = 26.0;
						TestTargetID = 42EC56F82E4D13EA007B0BF2;
					};
					42EC570F2E4D13EB007B0BF2 = {
						CreatedOnToolsVersion = 26.0;
						TestTargetID = 42EC56F82E4D13EA007B0BF2;
					};
				};
			};
			buildConfigurationList = 42EC56F42E4D13EA007B0BF2 /* Build configuration list for PBXProject "FrameExtractionTool" */;
			developmentRegion = en;
			hasScannedForEncodings = 0;
			knownRegions = (
				en,
				Base,
			);
			mainGroup = 42EC56F02E4D13EA007B0BF2;
			minimizedProjectReferenceProxies = 1;
			preferredProjectObjectVersion = 77;
			productRefGroup = 42EC56FA2E4D13EA007B0BF2 /* Products */;
			projectDirPath = "";
			projectRoot = "";
			targets = (
				42EC56F82E4D13EA007B0BF2 /* FrameExtractionTool */,
				42EC57052E4D13EB007B0BF2 /* FrameExtractionToolTests */,
				42EC570F2E4D13EB007B0BF2 /* FrameExtractionToolUITests */,
			);
		};
/* End PBXProject section */

/* Begin PBXResourcesBuildPhase section */
		42EC56F72E4D13EA007B0BF2 /* Resources */ = {
			isa = PBXResourcesBuildPhase;
			buildActionMask = 2147483647;
			files = (
			);
			runOnlyForDeploymentPostprocessing = 0;
		};
		42EC57042E4D13EB007B0BF2 /* Resources */ = {
			isa = PBXResourcesBuildPhase;
			buildActionMask = 2147483647;
			files = (
			);
			runOnlyForDeploymentPostprocessing = 0;
		};
		42EC570E2E4D13EB007B0BF2 /* Resources */ = {
			isa = PBXResourcesBuildPhase;
			buildActionMask = 2147483647;
			files = (
			);
			runOnlyForDeploymentPostprocessing = 0;
		};
/* End PBXResourcesBuildPhase section */

/* Begin PBXSourcesBuildPhase section */
		42EC56F52E4D13EA007B0BF2 /* Sources */ = {
			isa = PBXSourcesBuildPhase;
			buildActionMask = 2147483647;
			files = (
			);
			runOnlyForDeploymentPostprocessing = 0;
		};
		42EC57022E4D13EB007B0BF2 /* Sources */ = {
			isa = PBXSourcesBuildPhase;
			buildActionMask = 2147483647;
			files = (
			);
			runOnlyForDeploymentPostprocessing = 0;
		};
		42EC570C2E4D13EB007B0BF2 /* Sources */ = {
			isa = PBXSourcesBuildPhase;
			buildActionMask = 2147483647;
			files = (
			);
			runOnlyForDeploymentPostprocessing = 0;
		};
/* End PBXSourcesBuildPhase section */

/* Begin PBXTargetDependency section */
		42EC57082E4D13EB007B0BF2 /* PBXTargetDependency */ = {
			isa = PBXTargetDependency;
			target = 42EC56F82E4D13EA007B0BF2 /* FrameExtractionTool */;
			targetProxy = 42EC57072E4D13EB007B0BF2 /* PBXContainerItemProxy */;
		};
		42EC57122E4D13EB007B0BF2 /* PBXTargetDependency */ = {
			isa = PBXTargetDependency;
			target = 42EC56F82E4D13EA007B0BF2 /* FrameExtractionTool */;
			targetProxy = 42EC57112E4D13EB007B0BF2 /* PBXContainerItemProxy */;
		};
/* End PBXTargetDependency section */

/* Begin XCBuildConfiguration section */
		42EC57182E4D13EB007B0BF2 /* Debug */ = {
			isa = XCBuildConfiguration;
			buildSettings = {
				ALWAYS_SEARCH_USER_PATHS = NO;
				ASSETCATALOG_COMPILER_GENERATE_SWIFT_ASSET_SYMBOL_EXTENSIONS = YES;
				CLANG_ANALYZER_NONNULL = YES;
				CLANG_ANALYZER_NUMBER_OBJECT_CONVERSION = YES_AGGRESSIVE;
				CLANG_CXX_LANGUAGE_STANDARD = "gnu++20";
				CLANG_ENABLE_MODULES = YES;
				CLANG_ENABLE_OBJC_ARC = YES;
				CLANG_ENABLE_OBJC_WEAK = YES;
				CLANG_WARN_BLOCK_CAPTURE_AUTORELEASING = YES;
				CLANG_WARN_BOOL_CONVERSION = YES;
				CLANG_WARN_COMMA = YES;
				CLANG_WARN_CONSTANT_CONVERSION = YES;
				CLANG_WARN_DEPRECATED_OBJC_IMPLEMENTATIONS = YES;
				CLANG_WARN_DIRECT_OBJC_ISA_USAGE = YES_ERROR;
				CLANG_WARN_DOCUMENTATION_COMMENTS = YES;
				CLANG_WARN_EMPTY_BODY = YES;
				CLANG_WARN_ENUM_CONVERSION = YES;
				CLANG_WARN_INFINITE_RECURSION = YES;
				CLANG_WARN_INT_CONVERSION = YES;
				CLANG_WARN_NON_LITERAL_NULL_CONVERSION = YES;
				CLANG_WARN_OBJC_IMPLICIT_RETAIN_SELF = YES;
				CLANG_WARN_OBJC_LITERAL_CONVERSION = YES;
				CLANG_WARN_OBJC_ROOT_CLASS = YES_ERROR;
				CLANG_WARN_QUOTED_INCLUDE_IN_FRAMEWORK_HEADER = YES;
				CLANG_WARN_RANGE_LOOP_ANALYSIS = YES;
				CLANG_WARN_STRICT_PROTOTYPES = YES;
				CLANG_WARN_SUSPICIOUS_MOVE = YES;
				CLANG_WARN_UNGUARDED_AVAILABILITY = YES_AGGRESSIVE;
				CLANG_WARN_UNREACHABLE_CODE = YES;
				CLANG_WARN__DUPLICATE_METHOD_MATCH = YES;
				COPY_PHASE_STRIP = NO;
				DEBUG_INFORMATION_FORMAT = dwarf;
				DEVELOPMENT_TEAM = H55UV85BMR;
				ENABLE_STRICT_OBJC_MSGSEND = YES;
				ENABLE_TESTABILITY = YES;
				ENABLE_USER_SCRIPT_SANDBOXING = YES;
				GCC_C_LANGUAGE_STANDARD = gnu17;
				GCC_DYNAMIC_NO_PIC = NO;
				GCC_NO_COMMON_BLOCKS = YES;
				GCC_OPTIMIZATION_LEVEL = 0;
				GCC_PREPROCESSOR_DEFINITIONS = (
					"DEBUG=1",
					"$(inherited)",
				);
				GCC_WARN_64_TO_32_BIT_CONVERSION = YES;
				GCC_WARN_ABOUT_RETURN_TYPE = YES_ERROR;
				GCC_WARN_UNDECLARED_SELECTOR = YES;
				GCC_WARN_UNINITIALIZED_AUTOS = YES_AGGRESSIVE;
				GCC_WARN_UNUSED_FUNCTION = YES;
				GCC_WARN_UNUSED_VARIABLE = YES;
				IPHONEOS_DEPLOYMENT_TARGET = 26.0;
				LOCALIZATION_PREFERS_STRING_CATALOGS = YES;
				MTL_ENABLE_DEBUG_INFO = INCLUDE_SOURCE;
				MTL_FAST_MATH = YES;
				ONLY_ACTIVE_ARCH = YES;
				SDKROOT = iphoneos;
				SWIFT_ACTIVE_COMPILATION_CONDITIONS = "DEBUG $(inherited)";
				SWIFT_OPTIMIZATION_LEVEL = "-Onone";
			};
			name = Debug;
		};
		42EC57192E4D13EB007B0BF2 /* Release */ = {
			isa = XCBuildConfiguration;
			buildSettings = {
				ALWAYS_SEARCH_USER_PATHS = NO;
				ASSETCATALOG_COMPILER_GENERATE_SWIFT_ASSET_SYMBOL_EXTENSIONS = YES;
				CLANG_ANALYZER_NONNULL = YES;
				CLANG_ANALYZER_NUMBER_OBJECT_CONVERSION = YES_AGGRESSIVE;
				CLANG_CXX_LANGUAGE_STANDARD = "gnu++20";
				CLANG_ENABLE_MODULES = YES;
				CLANG_ENABLE_OBJC_ARC = YES;
				CLANG_ENABLE_OBJC_WEAK = YES;
				CLANG_WARN_BLOCK_CAPTURE_AUTORELEASING = YES;
				CLANG_WARN_BOOL_CONVERSION = YES;
				CLANG_WARN_COMMA = YES;
				CLANG_WARN_CONSTANT_CONVERSION = YES;
				CLANG_WARN_DEPRECATED_OBJC_IMPLEMENTATIONS = YES;
				CLANG_WARN_DIRECT_OBJC_ISA_USAGE = YES_ERROR;
				CLANG_WARN_DOCUMENTATION_COMMENTS = YES;
				CLANG_WARN_EMPTY_BODY = YES;
				CLANG_WARN_ENUM_CONVERSION = YES;
				CLANG_WARN_INFINITE_RECURSION = YES;
				CLANG_WARN_INT_CONVERSION = YES;
				CLANG_WARN_NON_LITERAL_NULL_CONVERSION = YES;
				CLANG_WARN_OBJC_IMPLICIT_RETAIN_SELF = YES;
				CLANG_WARN_OBJC_LITERAL_CONVERSION = YES;
				CLANG_WARN_OBJC_ROOT_CLASS = YES_ERROR;
				CLANG_WARN_QUOTED_INCLUDE_IN_FRAMEWORK_HEADER = YES;
				CLANG_WARN_RANGE_LOOP_ANALYSIS = YES;
				CLANG_WARN_STRICT_PROTOTYPES = YES;
				CLANG_WARN_SUSPICIOUS_MOVE = YES;
				CLANG_WARN_UNGUARDED_AVAILABILITY = YES_AGGRESSIVE;
				CLANG_WARN_UNREACHABLE_CODE = YES;
				CLANG_WARN__DUPLICATE_METHOD_MATCH = YES;
				COPY_PHASE_STRIP = NO;
				DEBUG_INFORMATION_FORMAT = "dwarf-with-dsym";
				DEVELOPMENT_TEAM = H55UV85BMR;
				ENABLE_NS_ASSERTIONS = NO;
				ENABLE_STRICT_OBJC_MSGSEND = YES;
				ENABLE_USER_SCRIPT_SANDBOXING = YES;
				GCC_C_LANGUAGE_STANDARD = gnu17;
				GCC_NO_COMMON_BLOCKS = YES;
				GCC_WARN_64_TO_32_BIT_CONVERSION = YES;
				GCC_WARN_ABOUT_RETURN_TYPE = YES_ERROR;
				GCC_WARN_UNDECLARED_SELECTOR = YES;
				GCC_WARN_UNINITIALIZED_AUTOS = YES_AGGRESSIVE;
				GCC_WARN_UNUSED_FUNCTION = YES;
				GCC_WARN_UNUSED_VARIABLE = YES;
				IPHONEOS_DEPLOYMENT_TARGET = 26.0;
				LOCALIZATION_PREFERS_STRING_CATALOGS = YES;
				MTL_ENABLE_DEBUG_INFO = NO;
				MTL_FAST_MATH = YES;
				SDKROOT = iphoneos;
				SWIFT_COMPILATION_MODE = wholemodule;
				VALIDATE_PRODUCT = YES;
			};
			name = Release;
		};
		42EC571B2E4D13EB007B0BF2 /* Debug */ = {
			isa = XCBuildConfiguration;
			buildSettings = {
				ASSETCATALOG_COMPILER_APPICON_NAME = FrameExtractionTool;
				ASSETCATALOG_COMPILER_GLOBAL_ACCENT_COLOR_NAME = AccentColor;
				ASSETCATALOG_COMPILER_INCLUDE_ALL_APPICON_ASSETS = NO;
				CODE_SIGN_STYLE = Automatic;
				CURRENT_PROJECT_VERSION = 1;
				DEVELOPMENT_TEAM = H55UV85BMR;
				ENABLE_PREVIEWS = YES;
				GENERATE_INFOPLIST_FILE = YES;
				INFOPLIST_KEY_CFBundleDisplayName = "Frame Extraction Tool";
				INFOPLIST_KEY_LSApplicationCategoryType = "public.app-category.utilities";
				INFOPLIST_KEY_NSPhotoLibraryAddUsageDescription = "This app needs permission to save extracted video frames to your photo library.";
				INFOPLIST_KEY_NSPhotoLibraryUsageDescription = "This app needs access to your photo library to select videos and save extracted frames.";
				INFOPLIST_KEY_UIApplicationSceneManifest_Generation = YES;
				INFOPLIST_KEY_UIApplicationSupportsIndirectInputEvents = YES;
				INFOPLIST_KEY_UILaunchScreen_Generation = YES;
				INFOPLIST_KEY_UILaunchStoryboardName = "";
				INFOPLIST_KEY_UISupportedInterfaceOrientations_iPad = "UIInterfaceOrientationPortrait UIInterfaceOrientationPortraitUpsideDown UIInterfaceOrientationLandscapeLeft UIInterfaceOrientationLandscapeRight";
				INFOPLIST_KEY_UISupportedInterfaceOrientations_iPhone = "UIInterfaceOrientationPortrait UIInterfaceOrientationLandscapeLeft UIInterfaceOrientationLandscapeRight";
				IPHONEOS_DEPLOYMENT_TARGET = 17;
				LD_RUNPATH_SEARCH_PATHS = (
					"$(inherited)",
					"@executable_path/Frameworks",
				);
				MARKETING_VERSION = 1.2;
				PRODUCT_BUNDLE_IDENTIFIER = caspernyong.FrameExtractionTool;
				PRODUCT_NAME = "$(TARGET_NAME)";
				STRING_CATALOG_GENERATE_SYMBOLS = YES;
				SWIFT_APPROACHABLE_CONCURRENCY = YES;
				SWIFT_DEFAULT_ACTOR_ISOLATION = MainActor;
				SWIFT_EMIT_LOC_STRINGS = YES;
				SWIFT_UPCOMING_FEATURE_MEMBER_IMPORT_VISIBILITY = YES;
				SWIFT_VERSION = 5.0;
				TARGETED_DEVICE_FAMILY = "1,2";
			};
			name = Debug;
		};
		42EC571C2E4D13EB007B0BF2 /* Release */ = {
			isa = XCBuildConfiguration;
			buildSettings = {
				ASSETCATALOG_COMPILER_APPICON_NAME = FrameExtractionTool;
				ASSETCATALOG_COMPILER_GLOBAL_ACCENT_COLOR_NAME = AccentColor;
				ASSETCATALOG_COMPILER_INCLUDE_ALL_APPICON_ASSETS = NO;
				CODE_SIGN_STYLE = Automatic;
				CURRENT_PROJECT_VERSION = 1;
				DEVELOPMENT_TEAM = H55UV85BMR;
				ENABLE_PREVIEWS = YES;
				GENERATE_INFOPLIST_FILE = YES;
				INFOPLIST_KEY_CFBundleDisplayName = "Frame Extraction Tool";
				INFOPLIST_KEY_LSApplicationCategoryType = "public.app-category.utilities";
				INFOPLIST_KEY_NSPhotoLibraryAddUsageDescription = "This app needs permission to save extracted video frames to your photo library.";
				INFOPLIST_KEY_NSPhotoLibraryUsageDescription = "This app needs access to your photo library to select videos and save extracted frames.";
				INFOPLIST_KEY_UIApplicationSceneManifest_Generation = YES;
				INFOPLIST_KEY_UIApplicationSupportsIndirectInputEvents = YES;
				INFOPLIST_KEY_UILaunchScreen_Generation = YES;
				INFOPLIST_KEY_UILaunchStoryboardName = "";
				INFOPLIST_KEY_UISupportedInterfaceOrientations_iPad = "UIInterfaceOrientationPortrait UIInterfaceOrientationPortraitUpsideDown UIInterfaceOrientationLandscapeLeft UIInterfaceOrientationLandscapeRight";
				INFOPLIST_KEY_UISupportedInterfaceOrientations_iPhone = "UIInterfaceOrientationPortrait UIInterfaceOrientationLandscapeLeft UIInterfaceOrientationLandscapeRight";
				IPHONEOS_DEPLOYMENT_TARGET = 17;
				LD_RUNPATH_SEARCH_PATHS = (
					"$(inherited)",
					"@executable_path/Frameworks",
				);
				MARKETING_VERSION = 1.2;
				PRODUCT_BUNDLE_IDENTIFIER = caspernyong.FrameExtractionTool;
				PRODUCT_NAME = "$(TARGET_NAME)";
				STRING_CATALOG_GENERATE_SYMBOLS = YES;
				SWIFT_APPROACHABLE_CONCURRENCY = YES;
				SWIFT_DEFAULT_ACTOR_ISOLATION = MainActor;
				SWIFT_EMIT_LOC_STRINGS = YES;
				SWIFT_UPCOMING_FEATURE_MEMBER_IMPORT_VISIBILITY = YES;
				SWIFT_VERSION = 5.0;
				TARGETED_DEVICE_FAMILY = "1,2";
			};
			name = Release;
		};
		42EC571E2E4D13EB007B0BF2 /* Debug */ = {
			isa = XCBuildConfiguration;
			buildSettings = {
				BUNDLE_LOADER = "$(TEST_HOST)";
				CODE_SIGN_STYLE = Automatic;
				CURRENT_PROJECT_VERSION = 1;
				DEVELOPMENT_TEAM = H55UV85BMR;
				GENERATE_INFOPLIST_FILE = YES;
				IPHONEOS_DEPLOYMENT_TARGET = 26.0;
				MARKETING_VERSION = 1.0;
				PRODUCT_BUNDLE_IDENTIFIER = caspernyong.FrameExtractionToolTests;
				PRODUCT_NAME = "$(TARGET_NAME)";
				STRING_CATALOG_GENERATE_SYMBOLS = NO;
				SWIFT_APPROACHABLE_CONCURRENCY = YES;
				SWIFT_EMIT_LOC_STRINGS = NO;
				SWIFT_UPCOMING_FEATURE_MEMBER_IMPORT_VISIBILITY = YES;
				SWIFT_VERSION = 5.0;
				TARGETED_DEVICE_FAMILY = "1,2";
				TEST_HOST = "$(BUILT_PRODUCTS_DIR)/FrameExtractionTool.app/$(BUNDLE_EXECUTABLE_FOLDER_PATH)/FrameExtractionTool";
			};
			name = Debug;
		};
		42EC571F2E4D13EB007B0BF2 /* Release */ = {
			isa = XCBuildConfiguration;
			buildSettings = {
				BUNDLE_LOADER = "$(TEST_HOST)";
				CODE_SIGN_STYLE = Automatic;
				CURRENT_PROJECT_VERSION = 1;
				DEVELOPMENT_TEAM = H55UV85BMR;
				GENERATE_INFOPLIST_FILE = YES;
				IPHONEOS_DEPLOYMENT_TARGET = 26.0;
				MARKETING_VERSION = 1.0;
				PRODUCT_BUNDLE_IDENTIFIER = caspernyong.FrameExtractionToolTests;
				PRODUCT_NAME = "$(TARGET_NAME)";
				STRING_CATALOG_GENERATE_SYMBOLS = NO;
				SWIFT_APPROACHABLE_CONCURRENCY = YES;
				SWIFT_EMIT_LOC_STRINGS = NO;
				SWIFT_UPCOMING_FEATURE_MEMBER_IMPORT_VISIBILITY = YES;
				SWIFT_VERSION = 5.0;
				TARGETED_DEVICE_FAMILY = "1,2";
				TEST_HOST = "$(BUILT_PRODUCTS_DIR)/FrameExtractionTool.app/$(BUNDLE_EXECUTABLE_FOLDER_PATH)/FrameExtractionTool";
			};
			name = Release;
		};
		42EC57212E4D13EB007B0BF2 /* Debug */ = {
			isa = XCBuildConfiguration;
			buildSettings = {
				CODE_SIGN_STYLE = Automatic;
				CURRENT_PROJECT_VERSION = 1;
				DEVELOPMENT_TEAM = H55UV85BMR;
				GENERATE_INFOPLIST_FILE = YES;
				MARKETING_VERSION = 1.0;
				PRODUCT_BUNDLE_IDENTIFIER = caspernyong.FrameExtractionToolUITests;
				PRODUCT_NAME = "$(TARGET_NAME)";
				STRING_CATALOG_GENERATE_SYMBOLS = NO;
				SWIFT_APPROACHABLE_CONCURRENCY = YES;
				SWIFT_EMIT_LOC_STRINGS = NO;
				SWIFT_UPCOMING_FEATURE_MEMBER_IMPORT_VISIBILITY = YES;
				SWIFT_VERSION = 5.0;
				TARGETED_DEVICE_FAMILY = "1,2";
				TEST_TARGET_NAME = FrameExtractionTool;
			};
			name = Debug;
		};
		42EC57222E4D13EB007B0BF2 /* Release */ = {
			isa = XCBuildConfiguration;
			buildSettings = {
				CODE_SIGN_STYLE = Automatic;
				CURRENT_PROJECT_VERSION = 1;
				DEVELOPMENT_TEAM = H55UV85BMR;
				GENERATE_INFOPLIST_FILE = YES;
				MARKETING_VERSION = 1.0;
				PRODUCT_BUNDLE_IDENTIFIER = caspernyong.FrameExtractionToolUITests;
				PRODUCT_NAME = "$(TARGET_NAME)";
				STRING_CATALOG_GENERATE_SYMBOLS = NO;
				SWIFT_APPROACHABLE_CONCURRENCY = YES;
				SWIFT_EMIT_LOC_STRINGS = NO;
				SWIFT_UPCOMING_FEATURE_MEMBER_IMPORT_VISIBILITY = YES;
				SWIFT_VERSION = 5.0;
				TARGETED_DEVICE_FAMILY = "1,2";
				TEST_TARGET_NAME = FrameExtractionTool;
			};
			name = Release;
		};
/* End XCBuildConfiguration section */

/* Begin XCConfigurationList section */
		42EC56F42E4D13EA007B0BF2 /* Build configuration list for PBXProject "FrameExtractionTool" */ = {
			isa = XCConfigurationList;
			buildConfigurations = (
				42EC57182E4D13EB007B0BF2 /* Debug */,
				42EC57192E4D13EB007B0BF2 /* Release */,
			);
			defaultConfigurationIsVisible = 0;
			defaultConfigurationName = Release;
		};
		42EC571A2E4D13EB007B0BF2 /* Build configuration list for PBXNativeTarget "FrameExtractionTool" */ = {
			isa = XCConfigurationList;
			buildConfigurations = (
				42EC571B2E4D13EB007B0BF2 /* Debug */,
				42EC571C2E4D13EB007B0BF2 /* Release */,
			);
			defaultConfigurationIsVisible = 0;
			defaultConfigurationName = Release;
		};
		42EC571D2E4D13EB007B0BF2 /* Build configuration list for PBXNativeTarget "FrameExtractionToolTests" */ = {
			isa = XCConfigurationList;
			buildConfigurations = (
				42EC571E2E4D13EB007B0BF2 /* Debug */,
				42EC571F2E4D13EB007B0BF2 /* Release */,
			);
			defaultConfigurationIsVisible = 0;
			defaultConfigurationName = Release;
		};
		42EC57202E4D13EB007B0BF2 /* Build configuration list for PBXNativeTarget "FrameExtractionToolUITests" */ = {
			isa = XCConfigurationList;
			buildConfigurations = (
				42EC57212E4D13EB007B0BF2 /* Debug */,
				42EC57222E4D13EB007B0BF2 /* Release */,
			);
			defaultConfigurationIsVisible = 0;
			defaultConfigurationName = Release;
		};
/* End XCConfigurationList section */
	};
	rootObject = 42EC56F12E4D13EA007B0BF2 /* Project object */;
}
